
Microsoft Visual Studio Solution File, Format Version 12.00
# Visual Studio 15
VisualStudioVersion = 15.0.27004.2006
MinimumVisualStudioVersion = 10.0.40219.1
Project("{FAE04EC0-301F-11D3-BF4B-00C04F79EFBC}") = "PandaMVC_H1", "PandaMVC_H1\PandaMVC_H1.csproj", "{74006023-15AC-487F-B178-2FA4ED9DF5C6}"
EndProject
Global
	GlobalSection(SolutionConfigurationPlatforms) = preSolution
		Debug|Any CPU = Debug|Any CPU
		Release|Any CPU = Release|Any CPU
	EndGlobalSection
	GlobalSection(ProjectConfigurationPlatforms) = postSolution
		{74006023-15AC-487F-B178-2FA4ED9DF5C6}.Debug|Any CPU.ActiveCfg = Debug|Any CPU
		{74006023-15AC-487F-B178-2FA4ED9DF5C6}.Debug|Any CPU.Build.0 = Debug|Any CPU
		{74006023-15AC-487F-B178-2FA4ED9DF5C6}.Release|Any CPU.ActiveCfg = Release|Any CPU
		{74006023-15AC-487F-B178-2FA4ED9DF5C6}.Release|Any CPU.Build.0 = Release|Any CPU
	EndGlobalSection
	GlobalSection(SolutionProperties) = preSolution
		HideSolutionNode = FALSE
	EndGlobalSection
	GlobalSection(ExtensibilityGlobals) = postSolution
		SolutionGuid = {A3FD8108-736A-4A7A-BA3B-D18455065E08}
	EndGlobalSection
EndGlobal
